// !$*UTF8*$!
{
	archiveVersion = 1;
	classes = {
	};
	objectVersion = 56;
	objects = {

/* Begin PBXBuildFile section */
		8224637B2B68D5B5008D3DAA /* GoogleService-Info.plist in Resources */ = {isa = PBXBuildFile; fileRef = 8224637A2B68D5B5008D3DAA /* GoogleService-Info.plist */; };
		8224637D2B68E7F6008D3DAA /* MyProfileView.swift in Sources */ = {isa = PBXBuildFile; fileRef = 8224637C2B68E7F6008D3DAA /* MyProfileView.swift */; };
		823B9AD02B6807BF00C9F772 /* ReportView.swift in Sources */ = {isa = PBXBuildFile; fileRef = 823B9ACF2B6807BF00C9F772 /* ReportView.swift */; };
		823B9AD32B68094E00C9F772 /* MapboxMaps in Frameworks */ = {isa = PBXBuildFile; productRef = 823B9AD22B68094E00C9F772 /* MapboxMaps */; };
		823B9AD62B68109200C9F772 /* FirebaseAnalytics in Frameworks */ = {isa = PBXBuildFile; productRef = 823B9AD52B68109200C9F772 /* FirebaseAnalytics */; };
		823B9AD82B68109200C9F772 /* FirebaseAnalyticsOnDeviceConversion in Frameworks */ = {isa = PBXBuildFile; productRef = 823B9AD72B68109200C9F772 /* FirebaseAnalyticsOnDeviceConversion */; };
		823B9ADA2B68109200C9F772 /* FirebaseAnalyticsSwift in Frameworks */ = {isa = PBXBuildFile; productRef = 823B9AD92B68109200C9F772 /* FirebaseAnalyticsSwift */; };
		823B9ADC2B68109200C9F772 /* FirebaseAnalyticsWithoutAdIdSupport in Frameworks */ = {isa = PBXBuildFile; productRef = 823B9ADB2B68109200C9F772 /* FirebaseAnalyticsWithoutAdIdSupport */; };
		823B9ADE2B68109200C9F772 /* FirebaseAppCheck in Frameworks */ = {isa = PBXBuildFile; productRef = 823B9ADD2B68109200C9F772 /* FirebaseAppCheck */; };
		823B9AE22B6818DB00C9F772 /* Router.swift in Sources */ = {isa = PBXBuildFile; fileRef = 823B9AE12B6818DB00C9F772 /* Router.swift */; };
		823B9AE42B681A5900C9F772 /* MainTabView.swift in Sources */ = {isa = PBXBuildFile; fileRef = 823B9AE32B681A5900C9F772 /* MainTabView.swift */; };
		823B9AE62B6821B700C9F772 /* CustomNavigationBarModifier.swift in Sources */ = {isa = PBXBuildFile; fileRef = 823B9AE52B6821B700C9F772 /* CustomNavigationBarModifier.swift */; };
		823B9AE82B68232600C9F772 /* View+NavigationBar.swift in Sources */ = {isa = PBXBuildFile; fileRef = 823B9AE72B68232600C9F772 /* View+NavigationBar.swift */; };
		823B9AEA2B68264500C9F772 /* NavigationBackButton.swift in Sources */ = {isa = PBXBuildFile; fileRef = 823B9AE92B68264500C9F772 /* NavigationBackButton.swift */; };
		82ECF0AB2B67A085002CFD00 /* ReportViewModel.swift in Sources */ = {isa = PBXBuildFile; fileRef = 82ECF0AA2B67A085002CFD00 /* ReportViewModel.swift */; };
		82ECF0AD2B67A0A2002CFD00 /* MyProfileViewModel.swift in Sources */ = {isa = PBXBuildFile; fileRef = 82ECF0AC2B67A0A2002CFD00 /* MyProfileViewModel.swift */; };
		82ECF0AF2B67A0D0002CFD00 /* RunningViewModel.swift in Sources */ = {isa = PBXBuildFile; fileRef = 82ECF0AE2B67A0D0002CFD00 /* RunningViewModel.swift */; };
		82ECF0B12B67A0E4002CFD00 /* RunningView.swift in Sources */ = {isa = PBXBuildFile; fileRef = 82ECF0B02B67A0E4002CFD00 /* RunningView.swift */; };
		82ECF0B32B67A0F8002CFD00 /* AuthenticationViewModel.swift in Sources */ = {isa = PBXBuildFile; fileRef = 82ECF0B22B67A0F8002CFD00 /* AuthenticationViewModel.swift */; };
		82ECF0B52B67A101002CFD00 /* LoginView.swift in Sources */ = {isa = PBXBuildFile; fileRef = 82ECF0B42B67A101002CFD00 /* LoginView.swift */; };
		82ECF0BA2B67A64B002CFD00 /* Constants.swift in Sources */ = {isa = PBXBuildFile; fileRef = 82ECF0B92B67A64B002CFD00 /* Constants.swift */; };
		82ECF0BC2B67A6E9002CFD00 /* Color+.swift in Sources */ = {isa = PBXBuildFile; fileRef = 82ECF0BB2B67A6E9002CFD00 /* Color+.swift */; };
		82ECF0BE2B67A707002CFD00 /* SelectPicker.swift in Sources */ = {isa = PBXBuildFile; fileRef = 82ECF0BD2B67A707002CFD00 /* SelectPicker.swift */; };
		82ECF0C02B67A721002CFD00 /* ButtonModifier.swift in Sources */ = {isa = PBXBuildFile; fileRef = 82ECF0BF2B67A721002CFD00 /* ButtonModifier.swift */; };
		963AE4052B678EAC00E98BF4 /* TrackUsApp.swift in Sources */ = {isa = PBXBuildFile; fileRef = 963AE4042B678EAC00E98BF4 /* TrackUsApp.swift */; };
		963AE4072B678EAC00E98BF4 /* ContentView.swift in Sources */ = {isa = PBXBuildFile; fileRef = 963AE4062B678EAC00E98BF4 /* ContentView.swift */; };
		963AE4092B678EAE00E98BF4 /* Assets.xcassets in Resources */ = {isa = PBXBuildFile; fileRef = 963AE4082B678EAE00E98BF4 /* Assets.xcassets */; };
		963AE40C2B678EAE00E98BF4 /* Preview Assets.xcassets in Resources */ = {isa = PBXBuildFile; fileRef = 963AE40B2B678EAE00E98BF4 /* Preview Assets.xcassets */; };
		987B90BE2B69210B0099C7DA /* Font+.swift in Sources */ = {isa = PBXBuildFile; fileRef = 987B90BD2B69210B0099C7DA /* Font+.swift */; };
		988DDC712B684150002248A2 /* NickNameTextFiled.swift in Sources */ = {isa = PBXBuildFile; fileRef = 988DDC702B684150002248A2 /* NickNameTextFiled.swift */; };
		988DDC732B687657002248A2 /* SelectButton.swift in Sources */ = {isa = PBXBuildFile; fileRef = 988DDC722B687657002248A2 /* SelectButton.swift */; };
		989D12DA2B681E3C004F41CF /* MainButton.swift in Sources */ = {isa = PBXBuildFile; fileRef = 989D12D92B681E3C004F41CF /* MainButton.swift */; };
		989D12DE2B68237E004F41CF /* ProfilePicker.swift in Sources */ = {isa = PBXBuildFile; fileRef = 989D12DD2B68237E004F41CF /* ProfilePicker.swift */; };
		98F1C2EE2B6A191A009382B1 /* SignUpView.swift in Sources */ = {isa = PBXBuildFile; fileRef = 98F1C2ED2B6A191A009382B1 /* SignUpView.swift */; };
		98F1C2F02B6A2342009382B1 /* NickNameView.swift in Sources */ = {isa = PBXBuildFile; fileRef = 98F1C2EF2B6A2342009382B1 /* NickNameView.swift */; };
		98F1C2F22B6A2374009382B1 /* ProfileImageView.swift in Sources */ = {isa = PBXBuildFile; fileRef = 98F1C2F12B6A2374009382B1 /* ProfileImageView.swift */; };
		98F1C2F42B6A2386009382B1 /* PhysicalView.swift in Sources */ = {isa = PBXBuildFile; fileRef = 98F1C2F32B6A2386009382B1 /* PhysicalView.swift */; };
		98F1C2F62B6A23A5009382B1 /* AgeGenderView.swift in Sources */ = {isa = PBXBuildFile; fileRef = 98F1C2F52B6A23A5009382B1 /* AgeGenderView.swift */; };
		98F1C2F82B6A23AF009382B1 /* RunningStyleView.swift in Sources */ = {isa = PBXBuildFile; fileRef = 98F1C2F72B6A23AF009382B1 /* RunningStyleView.swift */; };
		98F1C2FA2B6A23BC009382B1 /* DailyGoalView.swift in Sources */ = {isa = PBXBuildFile; fileRef = 98F1C2F92B6A23BC009382B1 /* DailyGoalView.swift */; };
		98F1C2FC2B6A242B009382B1 /* Description.swift in Sources */ = {isa = PBXBuildFile; fileRef = 98F1C2FB2B6A242B009382B1 /* Description.swift */; };
/* End PBXBuildFile section */

/* Begin PBXFileReference section */
		8224637A2B68D5B5008D3DAA /* GoogleService-Info.plist */ = {isa = PBXFileReference; fileEncoding = 4; lastKnownFileType = text.plist.xml; path = "GoogleService-Info.plist"; sourceTree = "<group>"; };
		8224637C2B68E7F6008D3DAA /* MyProfileView.swift */ = {isa = PBXFileReference; lastKnownFileType = sourcecode.swift; path = MyProfileView.swift; sourceTree = "<group>"; };
		823B9ACF2B6807BF00C9F772 /* ReportView.swift */ = {isa = PBXFileReference; lastKnownFileType = sourcecode.swift; path = ReportView.swift; sourceTree = "<group>"; };
		823B9AE12B6818DB00C9F772 /* Router.swift */ = {isa = PBXFileReference; lastKnownFileType = sourcecode.swift; path = Router.swift; sourceTree = "<group>"; };
		823B9AE32B681A5900C9F772 /* MainTabView.swift */ = {isa = PBXFileReference; lastKnownFileType = sourcecode.swift; path = MainTabView.swift; sourceTree = "<group>"; };
		823B9AE52B6821B700C9F772 /* CustomNavigationBarModifier.swift */ = {isa = PBXFileReference; lastKnownFileType = sourcecode.swift; path = CustomNavigationBarModifier.swift; sourceTree = "<group>"; };
		823B9AE72B68232600C9F772 /* View+NavigationBar.swift */ = {isa = PBXFileReference; lastKnownFileType = sourcecode.swift; path = "View+NavigationBar.swift"; sourceTree = "<group>"; };
		823B9AE92B68264500C9F772 /* NavigationBackButton.swift */ = {isa = PBXFileReference; lastKnownFileType = sourcecode.swift; path = NavigationBackButton.swift; sourceTree = "<group>"; };
		82ECF0AA2B67A085002CFD00 /* ReportViewModel.swift */ = {isa = PBXFileReference; lastKnownFileType = sourcecode.swift; path = ReportViewModel.swift; sourceTree = "<group>"; };
		82ECF0AC2B67A0A2002CFD00 /* MyProfileViewModel.swift */ = {isa = PBXFileReference; lastKnownFileType = sourcecode.swift; path = MyProfileViewModel.swift; sourceTree = "<group>"; };
		82ECF0AE2B67A0D0002CFD00 /* RunningViewModel.swift */ = {isa = PBXFileReference; lastKnownFileType = sourcecode.swift; path = RunningViewModel.swift; sourceTree = "<group>"; };
		82ECF0B02B67A0E4002CFD00 /* RunningView.swift */ = {isa = PBXFileReference; lastKnownFileType = sourcecode.swift; path = RunningView.swift; sourceTree = "<group>"; };
		82ECF0B22B67A0F8002CFD00 /* AuthenticationViewModel.swift */ = {isa = PBXFileReference; lastKnownFileType = sourcecode.swift; path = AuthenticationViewModel.swift; sourceTree = "<group>"; };
		82ECF0B42B67A101002CFD00 /* LoginView.swift */ = {isa = PBXFileReference; lastKnownFileType = sourcecode.swift; path = LoginView.swift; sourceTree = "<group>"; };
		82ECF0B92B67A64B002CFD00 /* Constants.swift */ = {isa = PBXFileReference; lastKnownFileType = sourcecode.swift; path = Constants.swift; sourceTree = "<group>"; };
		82ECF0BB2B67A6E9002CFD00 /* Color+.swift */ = {isa = PBXFileReference; lastKnownFileType = sourcecode.swift; path = "Color+.swift"; sourceTree = "<group>"; };
		82ECF0BD2B67A707002CFD00 /* SelectPicker.swift */ = {isa = PBXFileReference; lastKnownFileType = sourcecode.swift; path = SelectPicker.swift; sourceTree = "<group>"; };
		82ECF0BF2B67A721002CFD00 /* ButtonModifier.swift */ = {isa = PBXFileReference; lastKnownFileType = sourcecode.swift; path = ButtonModifier.swift; sourceTree = "<group>"; };
		963AE4012B678EAC00E98BF4 /* TrackUs.app */ = {isa = PBXFileReference; explicitFileType = wrapper.application; includeInIndex = 0; path = TrackUs.app; sourceTree = BUILT_PRODUCTS_DIR; };
		963AE4042B678EAC00E98BF4 /* TrackUsApp.swift */ = {isa = PBXFileReference; lastKnownFileType = sourcecode.swift; path = TrackUsApp.swift; sourceTree = "<group>"; };
		963AE4062B678EAC00E98BF4 /* ContentView.swift */ = {isa = PBXFileReference; lastKnownFileType = sourcecode.swift; path = ContentView.swift; sourceTree = "<group>"; };
		963AE4082B678EAE00E98BF4 /* Assets.xcassets */ = {isa = PBXFileReference; lastKnownFileType = folder.assetcatalog; path = Assets.xcassets; sourceTree = "<group>"; };
		963AE40B2B678EAE00E98BF4 /* Preview Assets.xcassets */ = {isa = PBXFileReference; lastKnownFileType = folder.assetcatalog; path = "Preview Assets.xcassets"; sourceTree = "<group>"; };
		9823023A2B683ACA0041D60B /* Info.plist */ = {isa = PBXFileReference; lastKnownFileType = text.plist.xml; path = Info.plist; sourceTree = "<group>"; };
		987B90BD2B69210B0099C7DA /* Font+.swift */ = {isa = PBXFileReference; lastKnownFileType = sourcecode.swift; path = "Font+.swift"; sourceTree = "<group>"; };
		988DDC702B684150002248A2 /* NickNameTextFiled.swift */ = {isa = PBXFileReference; lastKnownFileType = sourcecode.swift; path = NickNameTextFiled.swift; sourceTree = "<group>"; };
		988DDC722B687657002248A2 /* SelectButton.swift */ = {isa = PBXFileReference; lastKnownFileType = sourcecode.swift; path = SelectButton.swift; sourceTree = "<group>"; };
		989D12D92B681E3C004F41CF /* MainButton.swift */ = {isa = PBXFileReference; lastKnownFileType = sourcecode.swift; path = MainButton.swift; sourceTree = "<group>"; };
		989D12DD2B68237E004F41CF /* ProfilePicker.swift */ = {isa = PBXFileReference; lastKnownFileType = sourcecode.swift; path = ProfilePicker.swift; sourceTree = "<group>"; };
		98F1C2ED2B6A191A009382B1 /* SignUpView.swift */ = {isa = PBXFileReference; lastKnownFileType = sourcecode.swift; path = SignUpView.swift; sourceTree = "<group>"; };
		98F1C2EF2B6A2342009382B1 /* NickNameView.swift */ = {isa = PBXFileReference; lastKnownFileType = sourcecode.swift; path = NickNameView.swift; sourceTree = "<group>"; };
		98F1C2F12B6A2374009382B1 /* ProfileImageView.swift */ = {isa = PBXFileReference; lastKnownFileType = sourcecode.swift; path = ProfileImageView.swift; sourceTree = "<group>"; };
		98F1C2F32B6A2386009382B1 /* PhysicalView.swift */ = {isa = PBXFileReference; lastKnownFileType = sourcecode.swift; path = PhysicalView.swift; sourceTree = "<group>"; };
		98F1C2F52B6A23A5009382B1 /* AgeGenderView.swift */ = {isa = PBXFileReference; lastKnownFileType = sourcecode.swift; path = AgeGenderView.swift; sourceTree = "<group>"; };
		98F1C2F72B6A23AF009382B1 /* RunningStyleView.swift */ = {isa = PBXFileReference; lastKnownFileType = sourcecode.swift; path = RunningStyleView.swift; sourceTree = "<group>"; };
		98F1C2F92B6A23BC009382B1 /* DailyGoalView.swift */ = {isa = PBXFileReference; lastKnownFileType = sourcecode.swift; path = DailyGoalView.swift; sourceTree = "<group>"; };
		98F1C2FB2B6A242B009382B1 /* Description.swift */ = {isa = PBXFileReference; lastKnownFileType = sourcecode.swift; path = Description.swift; sourceTree = "<group>"; };
/* End PBXFileReference section */

/* Begin PBXFrameworksBuildPhase section */
		963AE3FE2B678EAC00E98BF4 /* Frameworks */ = {
			isa = PBXFrameworksBuildPhase;
			buildActionMask = 2147483647;
			files = (
				823B9ADA2B68109200C9F772 /* FirebaseAnalyticsSwift in Frameworks */,
				823B9ADC2B68109200C9F772 /* FirebaseAnalyticsWithoutAdIdSupport in Frameworks */,
				823B9AD62B68109200C9F772 /* FirebaseAnalytics in Frameworks */,
				823B9AD82B68109200C9F772 /* FirebaseAnalyticsOnDeviceConversion in Frameworks */,
				823B9ADE2B68109200C9F772 /* FirebaseAppCheck in Frameworks */,
				823B9AD32B68094E00C9F772 /* MapboxMaps in Frameworks */,
			);
			runOnlyForDeploymentPostprocessing = 0;
		};
/* End PBXFrameworksBuildPhase section */

/* Begin PBXGroup section */
		823B9ACE2B6807AB00C9F772 /* View */ = {
			isa = PBXGroup;
			children = (
				823B9ACF2B6807BF00C9F772 /* ReportView.swift */,
			);
			path = View;
			sourceTree = "<group>";
		};
		823B9AE02B6818CA00C9F772 /* ViewModel */ = {
			isa = PBXGroup;
			children = (
				823B9AE12B6818DB00C9F772 /* Router.swift */,
			);
			path = ViewModel;
			sourceTree = "<group>";
		};
		82ECF0952B679E05002CFD00 /* Sources */ = {
			isa = PBXGroup;
			children = (
				82ECF09C2B679ECE002CFD00 /* Root */,
				82ECF0972B679E2F002CFD00 /* Commons */,
				82ECF09A2B679EB6002CFD00 /* Report */,
				82ECF09B2B679EC0002CFD00 /* MyProfile */,
				82ECF0992B679EAA002CFD00 /* Running */,
				82ECF0982B679E9F002CFD00 /* Authentication */,
			);
			path = Sources;
			sourceTree = "<group>";
		};
		82ECF0962B679E10002CFD00 /* Resources */ = {
			isa = PBXGroup;
			children = (
				963AE4082B678EAE00E98BF4 /* Assets.xcassets */,
				963AE40A2B678EAE00E98BF4 /* Preview Content */,
			);
			path = Resources;
			sourceTree = "<group>";
		};
		82ECF0972B679E2F002CFD00 /* Commons */ = {
			isa = PBXGroup;
			children = (
				823B9AE02B6818CA00C9F772 /* ViewModel */,
				82ECF0B82B67A635002CFD00 /* Modifiers */,
				82ECF0B72B67A62F002CFD00 /* Items */,
				82ECF0B62B67A623002CFD00 /* Extensions */,
				82ECF0B92B67A64B002CFD00 /* Constants.swift */,
			);
			path = Commons;
			sourceTree = "<group>";
		};
		82ECF0982B679E9F002CFD00 /* Authentication */ = {
			isa = PBXGroup;
			children = (
				82ECF0A92B67A064002CFD00 /* ViewModel */,
				82ECF0A82B67A060002CFD00 /* View */,
			);
			path = Authentication;
			sourceTree = "<group>";
		};
		82ECF0992B679EAA002CFD00 /* Running */ = {
			isa = PBXGroup;
			children = (
				82ECF0A62B67A041002CFD00 /* ViewModel */,
				82ECF0A52B67A03C002CFD00 /* View */,
			);
			path = Running;
			sourceTree = "<group>";
		};
		82ECF09A2B679EB6002CFD00 /* Report */ = {
			isa = PBXGroup;
			children = (
				823B9ACE2B6807AB00C9F772 /* View */,
				82ECF0A42B67A02B002CFD00 /* ViewModel */,
			);
			path = Report;
			sourceTree = "<group>";
		};
		82ECF09B2B679EC0002CFD00 /* MyProfile */ = {
			isa = PBXGroup;
			children = (
				82ECF09E2B679F6A002CFD00 /* ViewModel */,
				82ECF09D2B679F64002CFD00 /* View */,
			);
			path = MyProfile;
			sourceTree = "<group>";
		};
		82ECF09C2B679ECE002CFD00 /* Root */ = {
			isa = PBXGroup;
			children = (
				963AE4042B678EAC00E98BF4 /* TrackUsApp.swift */,
				823B9AE32B681A5900C9F772 /* MainTabView.swift */,
				963AE4062B678EAC00E98BF4 /* ContentView.swift */,
			);
			path = Root;
			sourceTree = "<group>";
		};
		82ECF09D2B679F64002CFD00 /* View */ = {
			isa = PBXGroup;
			children = (
				8224637C2B68E7F6008D3DAA /* MyProfileView.swift */,
			);
			path = View;
			sourceTree = "<group>";
		};
		82ECF09E2B679F6A002CFD00 /* ViewModel */ = {
			isa = PBXGroup;
			children = (
				82ECF0AC2B67A0A2002CFD00 /* MyProfileViewModel.swift */,
			);
			path = ViewModel;
			sourceTree = "<group>";
		};
		82ECF0A42B67A02B002CFD00 /* ViewModel */ = {
			isa = PBXGroup;
			children = (
				82ECF0AA2B67A085002CFD00 /* ReportViewModel.swift */,
			);
			path = ViewModel;
			sourceTree = "<group>";
		};
		82ECF0A52B67A03C002CFD00 /* View */ = {
			isa = PBXGroup;
			children = (
				82ECF0B02B67A0E4002CFD00 /* RunningView.swift */,
			);
			path = View;
			sourceTree = "<group>";
		};
		82ECF0A62B67A041002CFD00 /* ViewModel */ = {
			isa = PBXGroup;
			children = (
				82ECF0AE2B67A0D0002CFD00 /* RunningViewModel.swift */,
			);
			path = ViewModel;
			sourceTree = "<group>";
		};
		82ECF0A82B67A060002CFD00 /* View */ = {
			isa = PBXGroup;
			children = (
				82ECF0B42B67A101002CFD00 /* LoginView.swift */,
				98F1C2ED2B6A191A009382B1 /* SignUpView.swift */,
				98F1C2EF2B6A2342009382B1 /* NickNameView.swift */,
				98F1C2F12B6A2374009382B1 /* ProfileImageView.swift */,
				98F1C2F32B6A2386009382B1 /* PhysicalView.swift */,
				98F1C2F52B6A23A5009382B1 /* AgeGenderView.swift */,
				98F1C2F72B6A23AF009382B1 /* RunningStyleView.swift */,
				98F1C2F92B6A23BC009382B1 /* DailyGoalView.swift */,
				98F1C2FB2B6A242B009382B1 /* Description.swift */,
			);
			path = View;
			sourceTree = "<group>";
		};
		82ECF0A92B67A064002CFD00 /* ViewModel */ = {
			isa = PBXGroup;
			children = (
				82ECF0B22B67A0F8002CFD00 /* AuthenticationViewModel.swift */,
			);
			path = ViewModel;
			sourceTree = "<group>";
		};
		82ECF0B62B67A623002CFD00 /* Extensions */ = {
			isa = PBXGroup;
			children = (
				82ECF0BB2B67A6E9002CFD00 /* Color+.swift */,
				987B90BD2B69210B0099C7DA /* Font+.swift */,
				823B9AE72B68232600C9F772 /* View+NavigationBar.swift */,
			);
			path = Extensions;
			sourceTree = "<group>";
		};
		82ECF0B72B67A62F002CFD00 /* Items */ = {
			isa = PBXGroup;
			children = (
				82ECF0BD2B67A707002CFD00 /* SelectPicker.swift */,
				989D12D92B681E3C004F41CF /* MainButton.swift */,
				989D12DD2B68237E004F41CF /* ProfilePicker.swift */,
				988DDC722B687657002248A2 /* SelectButton.swift */,
				988DDC702B684150002248A2 /* NickNameTextFiled.swift */,
				823B9AE92B68264500C9F772 /* NavigationBackButton.swift */,
			);
			path = Items;
			sourceTree = "<group>";
		};
		82ECF0B82B67A635002CFD00 /* Modifiers */ = {
			isa = PBXGroup;
			children = (
				82ECF0BF2B67A721002CFD00 /* ButtonModifier.swift */,
				823B9AE52B6821B700C9F772 /* CustomNavigationBarModifier.swift */,
			);
			path = Modifiers;
			sourceTree = "<group>";
		};
		963AE3F82B678EAC00E98BF4 = {
			isa = PBXGroup;
			children = (
				963AE4032B678EAC00E98BF4 /* TrackUs */,
				963AE4022B678EAC00E98BF4 /* Products */,
			);
			sourceTree = "<group>";
		};
		963AE4022B678EAC00E98BF4 /* Products */ = {
			isa = PBXGroup;
			children = (
				963AE4012B678EAC00E98BF4 /* TrackUs.app */,
			);
			name = Products;
			sourceTree = "<group>";
		};
		963AE4032B678EAC00E98BF4 /* TrackUs */ = {
			isa = PBXGroup;
			children = (
				8224637A2B68D5B5008D3DAA /* GoogleService-Info.plist */,
				9823023A2B683ACA0041D60B /* Info.plist */,
				82ECF0962B679E10002CFD00 /* Resources */,
				82ECF0952B679E05002CFD00 /* Sources */,
			);
			path = TrackUs;
			sourceTree = "<group>";
		};
		963AE40A2B678EAE00E98BF4 /* Preview Content */ = {
			isa = PBXGroup;
			children = (
				963AE40B2B678EAE00E98BF4 /* Preview Assets.xcassets */,
			);
			path = "Preview Content";
			sourceTree = "<group>";
		};
/* End PBXGroup section */

/* Begin PBXNativeTarget section */
		963AE4002B678EAC00E98BF4 /* TrackUs */ = {
			isa = PBXNativeTarget;
			buildConfigurationList = 963AE40F2B678EAE00E98BF4 /* Build configuration list for PBXNativeTarget "TrackUs" */;
			buildPhases = (
				963AE3FD2B678EAC00E98BF4 /* Sources */,
				963AE3FE2B678EAC00E98BF4 /* Frameworks */,
				963AE3FF2B678EAC00E98BF4 /* Resources */,
			);
			buildRules = (
			);
			dependencies = (
			);
			name = TrackUs;
			packageProductDependencies = (
				823B9AD22B68094E00C9F772 /* MapboxMaps */,
				823B9AD52B68109200C9F772 /* FirebaseAnalytics */,
				823B9AD72B68109200C9F772 /* FirebaseAnalyticsOnDeviceConversion */,
				823B9AD92B68109200C9F772 /* FirebaseAnalyticsSwift */,
				823B9ADB2B68109200C9F772 /* FirebaseAnalyticsWithoutAdIdSupport */,
				823B9ADD2B68109200C9F772 /* FirebaseAppCheck */,
			);
			productName = TrackUs;
			productReference = 963AE4012B678EAC00E98BF4 /* TrackUs.app */;
			productType = "com.apple.product-type.application";
		};
/* End PBXNativeTarget section */

/* Begin PBXProject section */
		963AE3F92B678EAC00E98BF4 /* Project object */ = {
			isa = PBXProject;
			attributes = {
				BuildIndependentTargetsInParallel = 1;
				LastSwiftUpdateCheck = 1520;
				LastUpgradeCheck = 1520;
				TargetAttributes = {
					963AE4002B678EAC00E98BF4 = {
						CreatedOnToolsVersion = 15.2;
					};
				};
			};
			buildConfigurationList = 963AE3FC2B678EAC00E98BF4 /* Build configuration list for PBXProject "TrackUs" */;
			compatibilityVersion = "Xcode 14.0";
			developmentRegion = en;
			hasScannedForEncodings = 0;
			knownRegions = (
				en,
				Base,
			);
			mainGroup = 963AE3F82B678EAC00E98BF4;
			packageReferences = (
				823B9AD12B68094E00C9F772 /* XCRemoteSwiftPackageReference "mapbox-maps-ios" */,
				823B9AD42B68109200C9F772 /* XCRemoteSwiftPackageReference "firebase-ios-sdk" */,
			);
			productRefGroup = 963AE4022B678EAC00E98BF4 /* Products */;
			projectDirPath = "";
			projectRoot = "";
			targets = (
				963AE4002B678EAC00E98BF4 /* TrackUs */,
			);
		};
/* End PBXProject section */

/* Begin PBXResourcesBuildPhase section */
		963AE3FF2B678EAC00E98BF4 /* Resources */ = {
			isa = PBXResourcesBuildPhase;
			buildActionMask = 2147483647;
			files = (
				963AE40C2B678EAE00E98BF4 /* Preview Assets.xcassets in Resources */,
				963AE4092B678EAE00E98BF4 /* Assets.xcassets in Resources */,
				8224637B2B68D5B5008D3DAA /* GoogleService-Info.plist in Resources */,
			);
			runOnlyForDeploymentPostprocessing = 0;
		};
/* End PBXResourcesBuildPhase section */

/* Begin PBXSourcesBuildPhase section */
		963AE3FD2B678EAC00E98BF4 /* Sources */ = {
			isa = PBXSourcesBuildPhase;
			buildActionMask = 2147483647;
			files = (
				987B90BE2B69210B0099C7DA /* Font+.swift in Sources */,
				989D12DA2B681E3C004F41CF /* MainButton.swift in Sources */,
				988DDC712B684150002248A2 /* NickNameTextFiled.swift in Sources */,
				82ECF0AF2B67A0D0002CFD00 /* RunningViewModel.swift in Sources */,
				963AE4072B678EAC00E98BF4 /* ContentView.swift in Sources */,
				82ECF0BC2B67A6E9002CFD00 /* Color+.swift in Sources */,
				988DDC732B687657002248A2 /* SelectButton.swift in Sources */,
				98F1C2EE2B6A191A009382B1 /* SignUpView.swift in Sources */,
				823B9AE42B681A5900C9F772 /* MainTabView.swift in Sources */,
				98F1C2F42B6A2386009382B1 /* PhysicalView.swift in Sources */,
				823B9AD02B6807BF00C9F772 /* ReportView.swift in Sources */,
				82ECF0B52B67A101002CFD00 /* LoginView.swift in Sources */,
				82ECF0AD2B67A0A2002CFD00 /* MyProfileViewModel.swift in Sources */,
				823B9AE22B6818DB00C9F772 /* Router.swift in Sources */,
				82ECF0C02B67A721002CFD00 /* ButtonModifier.swift in Sources */,
				82ECF0BA2B67A64B002CFD00 /* Constants.swift in Sources */,
				98F1C2FC2B6A242B009382B1 /* Description.swift in Sources */,
				98F1C2F22B6A2374009382B1 /* ProfileImageView.swift in Sources */,
				82ECF0B32B67A0F8002CFD00 /* AuthenticationViewModel.swift in Sources */,
				98F1C2F02B6A2342009382B1 /* NickNameView.swift in Sources */,
				989D12DE2B68237E004F41CF /* ProfilePicker.swift in Sources */,
				98F1C2F62B6A23A5009382B1 /* AgeGenderView.swift in Sources */,
				8224637D2B68E7F6008D3DAA /* MyProfileView.swift in Sources */,
				82ECF0BE2B67A707002CFD00 /* SelectPicker.swift in Sources */,
				963AE4052B678EAC00E98BF4 /* TrackUsApp.swift in Sources */,
				98F1C2F82B6A23AF009382B1 /* RunningStyleView.swift in Sources */,
				823B9AE82B68232600C9F772 /* View+NavigationBar.swift in Sources */,
				823B9AE62B6821B700C9F772 /* CustomNavigationBarModifier.swift in Sources */,
				98F1C2FA2B6A23BC009382B1 /* DailyGoalView.swift in Sources */,
				823B9AEA2B68264500C9F772 /* NavigationBackButton.swift in Sources */,
				82ECF0B12B67A0E4002CFD00 /* RunningView.swift in Sources */,
				82ECF0AB2B67A085002CFD00 /* ReportViewModel.swift in Sources */,
			);
			runOnlyForDeploymentPostprocessing = 0;
		};
/* End PBXSourcesBuildPhase section */

/* Begin XCBuildConfiguration section */
		963AE40D2B678EAE00E98BF4 /* Debug */ = {
			isa = XCBuildConfiguration;
			buildSettings = {
				ALWAYS_SEARCH_USER_PATHS = NO;
				ASSETCATALOG_COMPILER_GENERATE_SWIFT_ASSET_SYMBOL_EXTENSIONS = YES;
				CLANG_ANALYZER_NONNULL = YES;
				CLANG_ANALYZER_NUMBER_OBJECT_CONVERSION = YES_AGGRESSIVE;
				CLANG_CXX_LANGUAGE_STANDARD = "gnu++20";
				CLANG_ENABLE_MODULES = YES;
				CLANG_ENABLE_OBJC_ARC = YES;
				CLANG_ENABLE_OBJC_WEAK = YES;
				CLANG_WARN_BLOCK_CAPTURE_AUTORELEASING = YES;
				CLANG_WARN_BOOL_CONVERSION = YES;
				CLANG_WARN_COMMA = YES;
				CLANG_WARN_CONSTANT_CONVERSION = YES;
				CLANG_WARN_DEPRECATED_OBJC_IMPLEMENTATIONS = YES;
				CLANG_WARN_DIRECT_OBJC_ISA_USAGE = YES_ERROR;
				CLANG_WARN_DOCUMENTATION_COMMENTS = YES;
				CLANG_WARN_EMPTY_BODY = YES;
				CLANG_WARN_ENUM_CONVERSION = YES;
				CLANG_WARN_INFINITE_RECURSION = YES;
				CLANG_WARN_INT_CONVERSION = YES;
				CLANG_WARN_NON_LITERAL_NULL_CONVERSION = YES;
				CLANG_WARN_OBJC_IMPLICIT_RETAIN_SELF = YES;
				CLANG_WARN_OBJC_LITERAL_CONVERSION = YES;
				CLANG_WARN_OBJC_ROOT_CLASS = YES_ERROR;
				CLANG_WARN_QUOTED_INCLUDE_IN_FRAMEWORK_HEADER = YES;
				CLANG_WARN_RANGE_LOOP_ANALYSIS = YES;
				CLANG_WARN_STRICT_PROTOTYPES = YES;
				CLANG_WARN_SUSPICIOUS_MOVE = YES;
				CLANG_WARN_UNGUARDED_AVAILABILITY = YES_AGGRESSIVE;
				CLANG_WARN_UNREACHABLE_CODE = YES;
				CLANG_WARN__DUPLICATE_METHOD_MATCH = YES;
				COPY_PHASE_STRIP = NO;
				DEBUG_INFORMATION_FORMAT = dwarf;
				ENABLE_STRICT_OBJC_MSGSEND = YES;
				ENABLE_TESTABILITY = YES;
				ENABLE_USER_SCRIPT_SANDBOXING = YES;
				GCC_C_LANGUAGE_STANDARD = gnu17;
				GCC_DYNAMIC_NO_PIC = NO;
				GCC_NO_COMMON_BLOCKS = YES;
				GCC_OPTIMIZATION_LEVEL = 0;
				GCC_PREPROCESSOR_DEFINITIONS = (
					"DEBUG=1",
					"$(inherited)",
				);
				GCC_WARN_64_TO_32_BIT_CONVERSION = YES;
				GCC_WARN_ABOUT_RETURN_TYPE = YES_ERROR;
				GCC_WARN_UNDECLARED_SELECTOR = YES;
				GCC_WARN_UNINITIALIZED_AUTOS = YES_AGGRESSIVE;
				GCC_WARN_UNUSED_FUNCTION = YES;
				GCC_WARN_UNUSED_VARIABLE = YES;
				INFOPLIST_FILE = "";
				IPHONEOS_DEPLOYMENT_TARGET = 16.0;
				LOCALIZATION_PREFERS_STRING_CATALOGS = YES;
				MTL_ENABLE_DEBUG_INFO = INCLUDE_SOURCE;
				MTL_FAST_MATH = YES;
				ONLY_ACTIVE_ARCH = YES;
				SDKROOT = iphoneos;
				SWIFT_ACTIVE_COMPILATION_CONDITIONS = "DEBUG $(inherited)";
				SWIFT_OPTIMIZATION_LEVEL = "-Onone";
			};
			name = Debug;
		};
		963AE40E2B678EAE00E98BF4 /* Release */ = {
			isa = XCBuildConfiguration;
			buildSettings = {
				ALWAYS_SEARCH_USER_PATHS = NO;
				ASSETCATALOG_COMPILER_GENERATE_SWIFT_ASSET_SYMBOL_EXTENSIONS = YES;
				CLANG_ANALYZER_NONNULL = YES;
				CLANG_ANALYZER_NUMBER_OBJECT_CONVERSION = YES_AGGRESSIVE;
				CLANG_CXX_LANGUAGE_STANDARD = "gnu++20";
				CLANG_ENABLE_MODULES = YES;
				CLANG_ENABLE_OBJC_ARC = YES;
				CLANG_ENABLE_OBJC_WEAK = YES;
				CLANG_WARN_BLOCK_CAPTURE_AUTORELEASING = YES;
				CLANG_WARN_BOOL_CONVERSION = YES;
				CLANG_WARN_COMMA = YES;
				CLANG_WARN_CONSTANT_CONVERSION = YES;
				CLANG_WARN_DEPRECATED_OBJC_IMPLEMENTATIONS = YES;
				CLANG_WARN_DIRECT_OBJC_ISA_USAGE = YES_ERROR;
				CLANG_WARN_DOCUMENTATION_COMMENTS = YES;
				CLANG_WARN_EMPTY_BODY = YES;
				CLANG_WARN_ENUM_CONVERSION = YES;
				CLANG_WARN_INFINITE_RECURSION = YES;
				CLANG_WARN_INT_CONVERSION = YES;
				CLANG_WARN_NON_LITERAL_NULL_CONVERSION = YES;
				CLANG_WARN_OBJC_IMPLICIT_RETAIN_SELF = YES;
				CLANG_WARN_OBJC_LITERAL_CONVERSION = YES;
				CLANG_WARN_OBJC_ROOT_CLASS = YES_ERROR;
				CLANG_WARN_QUOTED_INCLUDE_IN_FRAMEWORK_HEADER = YES;
				CLANG_WARN_RANGE_LOOP_ANALYSIS = YES;
				CLANG_WARN_STRICT_PROTOTYPES = YES;
				CLANG_WARN_SUSPICIOUS_MOVE = YES;
				CLANG_WARN_UNGUARDED_AVAILABILITY = YES_AGGRESSIVE;
				CLANG_WARN_UNREACHABLE_CODE = YES;
				CLANG_WARN__DUPLICATE_METHOD_MATCH = YES;
				COPY_PHASE_STRIP = NO;
				DEBUG_INFORMATION_FORMAT = "dwarf-with-dsym";
				ENABLE_NS_ASSERTIONS = NO;
				ENABLE_STRICT_OBJC_MSGSEND = YES;
				ENABLE_USER_SCRIPT_SANDBOXING = YES;
				GCC_C_LANGUAGE_STANDARD = gnu17;
				GCC_NO_COMMON_BLOCKS = YES;
				GCC_WARN_64_TO_32_BIT_CONVERSION = YES;
				GCC_WARN_ABOUT_RETURN_TYPE = YES_ERROR;
				GCC_WARN_UNDECLARED_SELECTOR = YES;
				GCC_WARN_UNINITIALIZED_AUTOS = YES_AGGRESSIVE;
				GCC_WARN_UNUSED_FUNCTION = YES;
				GCC_WARN_UNUSED_VARIABLE = YES;
				INFOPLIST_FILE = "";
				IPHONEOS_DEPLOYMENT_TARGET = 16.0;
				LOCALIZATION_PREFERS_STRING_CATALOGS = YES;
				MTL_ENABLE_DEBUG_INFO = NO;
				MTL_FAST_MATH = YES;
				SDKROOT = iphoneos;
				SWIFT_COMPILATION_MODE = wholemodule;
				VALIDATE_PRODUCT = YES;
			};
			name = Release;
		};
		963AE4102B678EAE00E98BF4 /* Debug */ = {
			isa = XCBuildConfiguration;
			buildSettings = {
				ASSETCATALOG_COMPILER_APPICON_NAME = AppIcon;
				ASSETCATALOG_COMPILER_GLOBAL_ACCENT_COLOR_NAME = AccentColor;
				CODE_SIGN_STYLE = Automatic;
				CURRENT_PROJECT_VERSION = 1;
				DEVELOPMENT_ASSET_PATHS = "\"TrackUs/Resources/Preview Content\"";
				DEVELOPMENT_TEAM = 4N3558QY8F;
				GENERATE_INFOPLIST_FILE = YES;
				INFOPLIST_FILE = "";
				INFOPLIST_KEY_UIApplicationSceneManifest_Generation = YES;
				INFOPLIST_KEY_UIApplicationSupportsIndirectInputEvents = YES;
				INFOPLIST_KEY_UILaunchScreen_Generation = YES;
				INFOPLIST_KEY_UISupportedInterfaceOrientations_iPad = "UIInterfaceOrientationPortrait UIInterfaceOrientationPortraitUpsideDown UIInterfaceOrientationLandscapeLeft UIInterfaceOrientationLandscapeRight";
				INFOPLIST_KEY_UISupportedInterfaceOrientations_iPhone = "UIInterfaceOrientationPortrait UIInterfaceOrientationLandscapeLeft UIInterfaceOrientationLandscapeRight";
				IPHONEOS_DEPLOYMENT_TARGET = 16.0;
				LD_RUNPATH_SEARCH_PATHS = (
					"$(inherited)",
					"@executable_path/Frameworks",
				);
				MARKETING_VERSION = 1.0;
				PRODUCT_BUNDLE_IDENTIFIER = com.TrackUs.test;
				PRODUCT_NAME = "$(TARGET_NAME)";
				SWIFT_EMIT_LOC_STRINGS = YES;
				SWIFT_VERSION = 5.0;
				TARGETED_DEVICE_FAMILY = "1,2";
			};
			name = Debug;
		};
		963AE4112B678EAE00E98BF4 /* Release */ = {
			isa = XCBuildConfiguration;
			buildSettings = {
				ASSETCATALOG_COMPILER_APPICON_NAME = AppIcon;
				ASSETCATALOG_COMPILER_GLOBAL_ACCENT_COLOR_NAME = AccentColor;
				CODE_SIGN_STYLE = Automatic;
				CURRENT_PROJECT_VERSION = 1;
				DEVELOPMENT_ASSET_PATHS = "\"TrackUs/Resources/Preview Content\"";
				DEVELOPMENT_TEAM = 4N3558QY8F;
				GENERATE_INFOPLIST_FILE = YES;
				INFOPLIST_FILE = "";
				INFOPLIST_KEY_UIApplicationSceneManifest_Generation = YES;
				INFOPLIST_KEY_UIApplicationSupportsIndirectInputEvents = YES;
				INFOPLIST_KEY_UILaunchScreen_Generation = YES;
				INFOPLIST_KEY_UISupportedInterfaceOrientations_iPad = "UIInterfaceOrientationPortrait UIInterfaceOrientationPortraitUpsideDown UIInterfaceOrientationLandscapeLeft UIInterfaceOrientationLandscapeRight";
				INFOPLIST_KEY_UISupportedInterfaceOrientations_iPhone = "UIInterfaceOrientationPortrait UIInterfaceOrientationLandscapeLeft UIInterfaceOrientationLandscapeRight";
				IPHONEOS_DEPLOYMENT_TARGET = 16.0;
				LD_RUNPATH_SEARCH_PATHS = (
					"$(inherited)",
					"@executable_path/Frameworks",
				);
				MARKETING_VERSION = 1.0;
				PRODUCT_BUNDLE_IDENTIFIER = com.TrackUs.test;
				PRODUCT_NAME = "$(TARGET_NAME)";
				SWIFT_EMIT_LOC_STRINGS = YES;
				SWIFT_VERSION = 5.0;
				TARGETED_DEVICE_FAMILY = "1,2";
			};
			name = Release;
		};
/* End XCBuildConfiguration section */

/* Begin XCConfigurationList section */
		963AE3FC2B678EAC00E98BF4 /* Build configuration list for PBXProject "TrackUs" */ = {
			isa = XCConfigurationList;
			buildConfigurations = (
				963AE40D2B678EAE00E98BF4 /* Debug */,
				963AE40E2B678EAE00E98BF4 /* Release */,
			);
			defaultConfigurationIsVisible = 0;
			defaultConfigurationName = Release;
		};
		963AE40F2B678EAE00E98BF4 /* Build configuration list for PBXNativeTarget "TrackUs" */ = {
			isa = XCConfigurationList;
			buildConfigurations = (
				963AE4102B678EAE00E98BF4 /* Debug */,
				963AE4112B678EAE00E98BF4 /* Release */,
			);
			defaultConfigurationIsVisible = 0;
			defaultConfigurationName = Release;
		};
/* End XCConfigurationList section */

/* Begin XCRemoteSwiftPackageReference section */
		823B9AD12B68094E00C9F772 /* XCRemoteSwiftPackageReference "mapbox-maps-ios" */ = {
			isa = XCRemoteSwiftPackageReference;
			repositoryURL = "https://github.com/mapbox/mapbox-maps-ios/";
			requirement = {
				branch = main;
				kind = branch;
			};
		};
		823B9AD42B68109200C9F772 /* XCRemoteSwiftPackageReference "firebase-ios-sdk" */ = {
			isa = XCRemoteSwiftPackageReference;
			repositoryURL = "https://github.com/firebase/firebase-ios-sdk";
			requirement = {
				kind = upToNextMajorVersion;
				minimumVersion = 10.20.0;
			};
		};
/* End XCRemoteSwiftPackageReference section */

/* Begin XCSwiftPackageProductDependency section */
		823B9AD22B68094E00C9F772 /* MapboxMaps */ = {
			isa = XCSwiftPackageProductDependency;
			package = 823B9AD12B68094E00C9F772 /* XCRemoteSwiftPackageReference "mapbox-maps-ios" */;
			productName = MapboxMaps;
		};
		823B9AD52B68109200C9F772 /* FirebaseAnalytics */ = {
			isa = XCSwiftPackageProductDependency;
			package = 823B9AD42B68109200C9F772 /* XCRemoteSwiftPackageReference "firebase-ios-sdk" */;
			productName = FirebaseAnalytics;
		};
		823B9AD72B68109200C9F772 /* FirebaseAnalyticsOnDeviceConversion */ = {
			isa = XCSwiftPackageProductDependency;
			package = 823B9AD42B68109200C9F772 /* XCRemoteSwiftPackageReference "firebase-ios-sdk" */;
			productName = FirebaseAnalyticsOnDeviceConversion;
		};
		823B9AD92B68109200C9F772 /* FirebaseAnalyticsSwift */ = {
			isa = XCSwiftPackageProductDependency;
			package = 823B9AD42B68109200C9F772 /* XCRemoteSwiftPackageReference "firebase-ios-sdk" */;
			productName = FirebaseAnalyticsSwift;
		};
		823B9ADB2B68109200C9F772 /* FirebaseAnalyticsWithoutAdIdSupport */ = {
			isa = XCSwiftPackageProductDependency;
			package = 823B9AD42B68109200C9F772 /* XCRemoteSwiftPackageReference "firebase-ios-sdk" */;
			productName = FirebaseAnalyticsWithoutAdIdSupport;
		};
		823B9ADD2B68109200C9F772 /* FirebaseAppCheck */ = {
			isa = XCSwiftPackageProductDependency;
			package = 823B9AD42B68109200C9F772 /* XCRemoteSwiftPackageReference "firebase-ios-sdk" */;
			productName = FirebaseAppCheck;
		};
/* End XCSwiftPackageProductDependency section */
	};
	rootObject = 963AE3F92B678EAC00E98BF4 /* Project object */;
}
